
Microsoft Visual Studio Solution File, Format Version 12.00
Project("{FAE04EC0-301F-11D3-BF4B-00C04F79EFBC}") = "RashkouProject", "RashkouProject\RashkouProject.csproj", "{8392935E-140A-4F0F-9DDF-100BE3E84D54}"
EndProject
Global
	GlobalSection(SolutionConfigurationPlatforms) = preSolution
		Debug|Any CPU = Debug|Any CPU
		Release|Any CPU = Release|Any CPU
	EndGlobalSection
	GlobalSection(ProjectConfigurationPlatforms) = postSolution
		{8392935E-140A-4F0F-9DDF-100BE3E84D54}.Debug|Any CPU.ActiveCfg = Debug|Any CPU
		{8392935E-140A-4F0F-9DDF-100BE3E84D54}.Debug|Any CPU.Build.0 = Debug|Any CPU
		{8392935E-140A-4F0F-9DDF-100BE3E84D54}.Release|Any CPU.ActiveCfg = Release|Any CPU
		{8392935E-140A-4F0F-9DDF-100BE3E84D54}.Release|Any CPU.Build.0 = Release|Any CPU
	EndGlobalSection
EndGlobal
